
Microsoft Visual Studio Solution File, Format Version 12.00
# Visual Studio Version 16
VisualStudioVersion = 16.0.29609.76
MinimumVisualStudioVersion = 10.0.40219.1
Project("{FAE04EC0-301F-11D3-BF4B-00C04F79EFBC}") = "ITOfficeManagementSystem", "ITOfficeManagementSystem\ITOfficeManagementSystem.csproj", "{5A4B0A7F-44AA-4DDD-825A-6312C94D05B7}"
EndProject
Global
	GlobalSection(SolutionConfigurationPlatforms) = preSolution
		Debug|Any CPU = Debug|Any CPU
		Release|Any CPU = Release|Any CPU
	EndGlobalSection
	GlobalSection(ProjectConfigurationPlatforms) = postSolution
		{5A4B0A7F-44AA-4DDD-825A-6312C94D05B7}.Debug|Any CPU.ActiveCfg = Debug|Any CPU
		{5A4B0A7F-44AA-4DDD-825A-6312C94D05B7}.Debug|Any CPU.Build.0 = Debug|Any CPU
		{5A4B0A7F-44AA-4DDD-825A-6312C94D05B7}.Release|Any CPU.ActiveCfg = Release|Any CPU
		{5A4B0A7F-44AA-4DDD-825A-6312C94D05B7}.Release|Any CPU.Build.0 = Release|Any CPU
	EndGlobalSection
	GlobalSection(SolutionProperties) = preSolution
		HideSolutionNode = FALSE
	EndGlobalSection
	GlobalSection(ExtensibilityGlobals) = postSolution
		SolutionGuid = {51EDB94D-C8C0-4E98-AF64-252D7FB10128}
	EndGlobalSection
EndGlobal
